
Microsoft Visual Studio Solution File, Format Version 12.00
# Visual Studio 14
VisualStudioVersion = 14.0.23107.0
MinimumVisualStudioVersion = 10.0.40219.1
Project("{F2A71F9B-5D33-465A-A702-920D77279786}") = "Spirograph", "SpirographVS2015\Spirograph.fsproj", "{62920A9E-4787-492F-8A10-62AD048A5540}"
EndProject
Global
	GlobalSection(SolutionConfigurationPlatforms) = preSolution
		Debug|Any CPU = Debug|Any CPU
		Release|Any CPU = Release|Any CPU
	EndGlobalSection
	GlobalSection(ProjectConfigurationPlatforms) = postSolution
		{62920A9E-4787-492F-8A10-62AD048A5540}.Debug|Any CPU.ActiveCfg = Debug|Any CPU
		{62920A9E-4787-492F-8A10-62AD048A5540}.Debug|Any CPU.Build.0 = Debug|Any CPU
		{62920A9E-4787-492F-8A10-62AD048A5540}.Release|Any CPU.ActiveCfg = Release|Any CPU
		{62920A9E-4787-492F-8A10-62AD048A5540}.Release|Any CPU.Build.0 = Release|Any CPU
	EndGlobalSection
	GlobalSection(SolutionProperties) = preSolution
		HideSolutionNode = FALSE
	EndGlobalSection
EndGlobal
